
Microsoft Visual Studio Solution File, Format Version 12.00
Project("{2150E333-8FDC-42A3-9474-1A3956D46DE8}") = "src", "src", "{827E0CD3-B72D-47B6-A68D-7590B98EB39B}"
EndProject
Project("{FAE04EC0-301F-11D3-BF4B-00C04F79EFBC}") = "YourDebits", "src\YourDebits\YourDebits.csproj", "{E13CDA2E-82C3-4B64-A1A7-44A0A9390349}"
EndProject
Project("{FAE04EC0-301F-11D3-BF4B-00C04F79EFBC}") = "DebtsOnline", "src\DebtsOnline\DebtsOnline.csproj", "{C0227DF5-AF54-4574-9CB2-7CDE506238C7}"
EndProject
Project("{2150E333-8FDC-42A3-9474-1A3956D46DE8}") = "Dok", "Dok", "{B9A40095-F6DD-E6EC-26B0-E9E11842FA9E}"
EndProject
Project("{FAE04EC0-301F-11D3-BF4B-00C04F79EFBC}") = "VehicleDebts.Domain", "src\Dok\VehicleDebts.Domain\VehicleDebts.Domain.csproj", "{35B9B335-9611-44F7-AB1A-C40E4DB15632}"
EndProject
Project("{FAE04EC0-301F-11D3-BF4B-00C04F79EFBC}") = "VehicleDebts.Application", "src\Dok\VehicleDebts.Application\VehicleDebts.Application.csproj", "{5DD22DFC-7B94-4DC0-9AFB-BBFD44C73E81}"
EndProject
Project("{FAE04EC0-301F-11D3-BF4B-00C04F79EFBC}") = "VehicleDebts.Infrastructure", "src\Dok\VehicleDebts.Infrastructure\VehicleDebts.Infrastructure.csproj", "{CFCEDFDD-79DA-4561-BB72-5B6C43C22C51}"
EndProject
Project("{FAE04EC0-301F-11D3-BF4B-00C04F79EFBC}") = "VehicleDebts.Api", "src\Dok\VehicleDebts.Api\VehicleDebts.Api.csproj", "{B44822D6-ADBB-42F6-A5E1-AC3428DAE291}"
EndProject
Project("{FAE04EC0-301F-11D3-BF4B-00C04F79EFBC}") = "VehicleDebts.Tests", "src\Dok\VehicleDebts.Tests\VehicleDebts.Tests.csproj", "{660D53DD-3F41-4C4F-A7B5-4A94CE4FA468}"
EndProject
Global
	GlobalSection(SolutionConfigurationPlatforms) = preSolution
		Debug|Any CPU = Debug|Any CPU
		Debug|x64 = Debug|x64
		Debug|x86 = Debug|x86
		Release|Any CPU = Release|Any CPU
		Release|x64 = Release|x64
		Release|x86 = Release|x86
	EndGlobalSection
	GlobalSection(ProjectConfigurationPlatforms) = postSolution
		{E13CDA2E-82C3-4B64-A1A7-44A0A9390349}.Debug|Any CPU.ActiveCfg = Debug|Any CPU
		{E13CDA2E-82C3-4B64-A1A7-44A0A9390349}.Debug|Any CPU.Build.0 = Debug|Any CPU
		{E13CDA2E-82C3-4B64-A1A7-44A0A9390349}.Debug|x64.ActiveCfg = Debug|Any CPU
		{E13CDA2E-82C3-4B64-A1A7-44A0A9390349}.Debug|x64.Build.0 = Debug|Any CPU
		{E13CDA2E-82C3-4B64-A1A7-44A0A9390349}.Debug|x86.ActiveCfg = Debug|Any CPU
		{E13CDA2E-82C3-4B64-A1A7-44A0A9390349}.Debug|x86.Build.0 = Debug|Any CPU
		{E13CDA2E-82C3-4B64-A1A7-44A0A9390349}.Release|Any CPU.ActiveCfg = Release|Any CPU
		{E13CDA2E-82C3-4B64-A1A7-44A0A9390349}.Release|Any CPU.Build.0 = Release|Any CPU
		{E13CDA2E-82C3-4B64-A1A7-44A0A9390349}.Release|x64.ActiveCfg = Release|Any CPU
		{E13CDA2E-82C3-4B64-A1A7-44A0A9390349}.Release|x64.Build.0 = Release|Any CPU
		{E13CDA2E-82C3-4B64-A1A7-44A0A9390349}.Release|x86.ActiveCfg = Release|Any CPU
		{E13CDA2E-82C3-4B64-A1A7-44A0A9390349}.Release|x86.Build.0 = Release|Any CPU
		{C0227DF5-AF54-4574-9CB2-7CDE506238C7}.Debug|Any CPU.ActiveCfg = Debug|Any CPU
		{C0227DF5-AF54-4574-9CB2-7CDE506238C7}.Debug|Any CPU.Build.0 = Debug|Any CPU
		{C0227DF5-AF54-4574-9CB2-7CDE506238C7}.Debug|x64.ActiveCfg = Debug|Any CPU
		{C0227DF5-AF54-4574-9CB2-7CDE506238C7}.Debug|x64.Build.0 = Debug|Any CPU
		{C0227DF5-AF54-4574-9CB2-7CDE506238C7}.Debug|x86.ActiveCfg = Debug|Any CPU
		{C0227DF5-AF54-4574-9CB2-7CDE506238C7}.Debug|x86.Build.0 = Debug|Any CPU
		{C0227DF5-AF54-4574-9CB2-7CDE506238C7}.Release|Any CPU.ActiveCfg = Release|Any CPU
		{C0227DF5-AF54-4574-9CB2-7CDE506238C7}.Release|Any CPU.Build.0 = Release|Any CPU
		{C0227DF5-AF54-4574-9CB2-7CDE506238C7}.Release|x64.ActiveCfg = Release|Any CPU
		{C0227DF5-AF54-4574-9CB2-7CDE506238C7}.Release|x64.Build.0 = Release|Any CPU
		{C0227DF5-AF54-4574-9CB2-7CDE506238C7}.Release|x86.ActiveCfg = Release|Any CPU
		{C0227DF5-AF54-4574-9CB2-7CDE506238C7}.Release|x86.Build.0 = Release|Any CPU
		{35B9B335-9611-44F7-AB1A-C40E4DB15632}.Debug|Any CPU.ActiveCfg = Debug|Any CPU
		{35B9B335-9611-44F7-AB1A-C40E4DB15632}.Debug|Any CPU.Build.0 = Debug|Any CPU
		{35B9B335-9611-44F7-AB1A-C40E4DB15632}.Debug|x64.ActiveCfg = Debug|Any CPU
		{35B9B335-9611-44F7-AB1A-C40E4DB15632}.Debug|x64.Build.0 = Debug|Any CPU
		{35B9B335-9611-44F7-AB1A-C40E4DB15632}.Debug|x86.ActiveCfg = Debug|Any CPU
		{35B9B335-9611-44F7-AB1A-C40E4DB15632}.Debug|x86.Build.0 = Debug|Any CPU
		{35B9B335-9611-44F7-AB1A-C40E4DB15632}.Release|Any CPU.ActiveCfg = Release|Any CPU
		{35B9B335-9611-44F7-AB1A-C40E4DB15632}.Release|Any CPU.Build.0 = Release|Any CPU
		{35B9B335-9611-44F7-AB1A-C40E4DB15632}.Release|x64.ActiveCfg = Release|Any CPU
		{35B9B335-9611-44F7-AB1A-C40E4DB15632}.Release|x64.Build.0 = Release|Any CPU
		{35B9B335-9611-44F7-AB1A-C40E4DB15632}.Release|x86.ActiveCfg = Release|Any CPU
		{35B9B335-9611-44F7-AB1A-C40E4DB15632}.Release|x86.Build.0 = Release|Any CPU
		{5DD22DFC-7B94-4DC0-9AFB-BBFD44C73E81}.Debug|Any CPU.ActiveCfg = Debug|Any CPU
		{5DD22DFC-7B94-4DC0-9AFB-BBFD44C73E81}.Debug|Any CPU.Build.0 = Debug|Any CPU
		{5DD22DFC-7B94-4DC0-9AFB-BBFD44C73E81}.Debug|x64.ActiveCfg = Debug|Any CPU
		{5DD22DFC-7B94-4DC0-9AFB-BBFD44C73E81}.Debug|x64.Build.0 = Debug|Any CPU
		{5DD22DFC-7B94-4DC0-9AFB-BBFD44C73E81}.Debug|x86.ActiveCfg = Debug|Any CPU
		{5DD22DFC-7B94-4DC0-9AFB-BBFD44C73E81}.Debug|x86.Build.0 = Debug|Any CPU
		{5DD22DFC-7B94-4DC0-9AFB-BBFD44C73E81}.Release|Any CPU.ActiveCfg = Release|Any CPU
		{5DD22DFC-7B94-4DC0-9AFB-BBFD44C73E81}.Release|Any CPU.Build.0 = Release|Any CPU
		{5DD22DFC-7B94-4DC0-9AFB-BBFD44C73E81}.Release|x64.ActiveCfg = Release|Any CPU
		{5DD22DFC-7B94-4DC0-9AFB-BBFD44C73E81}.Release|x64.Build.0 = Release|Any CPU
		{5DD22DFC-7B94-4DC0-9AFB-BBFD44C73E81}.Release|x86.ActiveCfg = Release|Any CPU
		{5DD22DFC-7B94-4DC0-9AFB-BBFD44C73E81}.Release|x86.Build.0 = Release|Any CPU
		{CFCEDFDD-79DA-4561-BB72-5B6C43C22C51}.Debug|Any CPU.ActiveCfg = Debug|Any CPU
		{CFCEDFDD-79DA-4561-BB72-5B6C43C22C51}.Debug|Any CPU.Build.0 = Debug|Any CPU
		{CFCEDFDD-79DA-4561-BB72-5B6C43C22C51}.Debug|x64.ActiveCfg = Debug|Any CPU
		{CFCEDFDD-79DA-4561-BB72-5B6C43C22C51}.Debug|x64.Build.0 = Debug|Any CPU
		{CFCEDFDD-79DA-4561-BB72-5B6C43C22C51}.Debug|x86.ActiveCfg = Debug|Any CPU
		{CFCEDFDD-79DA-4561-BB72-5B6C43C22C51}.Debug|x86.Build.0 = Debug|Any CPU
		{CFCEDFDD-79DA-4561-BB72-5B6C43C22C51}.Release|Any CPU.ActiveCfg = Release|Any CPU
		{CFCEDFDD-79DA-4561-BB72-5B6C43C22C51}.Release|Any CPU.Build.0 = Release|Any CPU
		{CFCEDFDD-79DA-4561-BB72-5B6C43C22C51}.Release|x64.ActiveCfg = Release|Any CPU
		{CFCEDFDD-79DA-4561-BB72-5B6C43C22C51}.Release|x64.Build.0 = Release|Any CPU
		{CFCEDFDD-79DA-4561-BB72-5B6C43C22C51}.Release|x86.ActiveCfg = Release|Any CPU
		{CFCEDFDD-79DA-4561-BB72-5B6C43C22C51}.Release|x86.Build.0 = Release|Any CPU
		{B44822D6-ADBB-42F6-A5E1-AC3428DAE291}.Debug|Any CPU.ActiveCfg = Debug|Any CPU
		{B44822D6-ADBB-42F6-A5E1-AC3428DAE291}.Debug|Any CPU.Build.0 = Debug|Any CPU
		{B44822D6-ADBB-42F6-A5E1-AC3428DAE291}.Debug|x64.ActiveCfg = Debug|Any CPU
		{B44822D6-ADBB-42F6-A5E1-AC3428DAE291}.Debug|x64.Build.0 = Debug|Any CPU
		{B44822D6-ADBB-42F6-A5E1-AC3428DAE291}.Debug|x86.ActiveCfg = Debug|Any CPU
		{B44822D6-ADBB-42F6-A5E1-AC3428DAE291}.Debug|x86.Build.0 = Debug|Any CPU
		{B44822D6-ADBB-42F6-A5E1-AC3428DAE291}.Release|Any CPU.ActiveCfg = Release|Any CPU
		{B44822D6-ADBB-42F6-A5E1-AC3428DAE291}.Release|Any CPU.Build.0 = Release|Any CPU
		{B44822D6-ADBB-42F6-A5E1-AC3428DAE291}.Release|x64.ActiveCfg = Release|Any CPU
		{B44822D6-ADBB-42F6-A5E1-AC3428DAE291}.Release|x64.Build.0 = Release|Any CPU
		{B44822D6-ADBB-42F6-A5E1-AC3428DAE291}.Release|x86.ActiveCfg = Release|Any CPU
		{B44822D6-ADBB-42F6-A5E1-AC3428DAE291}.Release|x86.Build.0 = Release|Any CPU
		{660D53DD-3F41-4C4F-A7B5-4A94CE4FA468}.Debug|Any CPU.ActiveCfg = Debug|Any CPU
		{660D53DD-3F41-4C4F-A7B5-4A94CE4FA468}.Debug|Any CPU.Build.0 = Debug|Any CPU
		{660D53DD-3F41-4C4F-A7B5-4A94CE4FA468}.Debug|x64.ActiveCfg = Debug|Any CPU
		{660D53DD-3F41-4C4F-A7B5-4A94CE4FA468}.Debug|x64.Build.0 = Debug|Any CPU
		{660D53DD-3F41-4C4F-A7B5-4A94CE4FA468}.Debug|x86.ActiveCfg = Debug|Any CPU
		{660D53DD-3F41-4C4F-A7B5-4A94CE4FA468}.Debug|x86.Build.0 = Debug|Any CPU
		{660D53DD-3F41-4C4F-A7B5-4A94CE4FA468}.Release|Any CPU.ActiveCfg = Release|Any CPU
		{660D53DD-3F41-4C4F-A7B5-4A94CE4FA468}.Release|Any CPU.Build.0 = Release|Any CPU
		{660D53DD-3F41-4C4F-A7B5-4A94CE4FA468}.Release|x64.ActiveCfg = Release|Any CPU
		{660D53DD-3F41-4C4F-A7B5-4A94CE4FA468}.Release|x64.Build.0 = Release|Any CPU
		{660D53DD-3F41-4C4F-A7B5-4A94CE4FA468}.Release|x86.ActiveCfg = Release|Any CPU
		{660D53DD-3F41-4C4F-A7B5-4A94CE4FA468}.Release|x86.Build.0 = Release|Any CPU
	EndGlobalSection
	GlobalSection(SolutionProperties) = preSolution
		HideSolutionNode = FALSE
	EndGlobalSection
	GlobalSection(NestedProjects) = preSolution
		{E13CDA2E-82C3-4B64-A1A7-44A0A9390349} = {827E0CD3-B72D-47B6-A68D-7590B98EB39B}
		{C0227DF5-AF54-4574-9CB2-7CDE506238C7} = {827E0CD3-B72D-47B6-A68D-7590B98EB39B}
		{35B9B335-9611-44F7-AB1A-C40E4DB15632} = {B9A40095-F6DD-E6EC-26B0-E9E11842FA9E}
		{5DD22DFC-7B94-4DC0-9AFB-BBFD44C73E81} = {B9A40095-F6DD-E6EC-26B0-E9E11842FA9E}
		{CFCEDFDD-79DA-4561-BB72-5B6C43C22C51} = {B9A40095-F6DD-E6EC-26B0-E9E11842FA9E}
		{B44822D6-ADBB-42F6-A5E1-AC3428DAE291} = {B9A40095-F6DD-E6EC-26B0-E9E11842FA9E}
		{660D53DD-3F41-4C4F-A7B5-4A94CE4FA468} = {B9A40095-F6DD-E6EC-26B0-E9E11842FA9E}
		{B9A40095-F6DD-E6EC-26B0-E9E11842FA9E} = {827E0CD3-B72D-47B6-A68D-7590B98EB39B}
	EndGlobalSection
EndGlobal
